
Microsoft Visual Studio Solution File, Format Version 12.00
# Visual Studio Version 16
VisualStudioVersion = 16.0.30621.155
MinimumVisualStudioVersion = 10.0.40219.1
Project("{888888A0-9F3D-457C-B088-3A5042F75D52}") = "per", "per.pyproj", "{7F19FD2C-F17C-4EB6-BCFC-86434BC93D47}"
EndProject
Global
	GlobalSection(SolutionConfigurationPlatforms) = preSolution
		Debug|Any CPU = Debug|Any CPU
		Release|Any CPU = Release|Any CPU
	EndGlobalSection
	GlobalSection(ProjectConfigurationPlatforms) = postSolution
		{7F19FD2C-F17C-4EB6-BCFC-86434BC93D47}.Debug|Any CPU.ActiveCfg = Debug|Any CPU
		{7F19FD2C-F17C-4EB6-BCFC-86434BC93D47}.Release|Any CPU.ActiveCfg = Release|Any CPU
	EndGlobalSection
	GlobalSection(SolutionProperties) = preSolution
		HideSolutionNode = FALSE
	EndGlobalSection
	GlobalSection(ExtensibilityGlobals) = postSolution
		SolutionGuid = {4ECEC8DA-76E9-44DB-A844-87597CBE3FB2}
	EndGlobalSection
EndGlobal
